
Microsoft Visual Studio Solution File, Format Version 12.00
# Visual Studio Version 16
VisualStudioVersion = 16.0.31729.503
MinimumVisualStudioVersion = 10.0.40219.1
Project("{FAE04EC0-301F-11D3-BF4B-00C04F79EFBC}") = "RapidApiQuotes", "RapidApiQuotes.csproj", "{3FA0FF82-B8A1-49C1-A5F0-BC455BF7ACAB}"
EndProject
Global
	GlobalSection(SolutionConfigurationPlatforms) = preSolution
		Debug|Any CPU = Debug|Any CPU
		Release|Any CPU = Release|Any CPU
	EndGlobalSection
	GlobalSection(ProjectConfigurationPlatforms) = postSolution
		{3FA0FF82-B8A1-49C1-A5F0-BC455BF7ACAB}.Debug|Any CPU.ActiveCfg = Debug|Any CPU
		{3FA0FF82-B8A1-49C1-A5F0-BC455BF7ACAB}.Debug|Any CPU.Build.0 = Debug|Any CPU
		{3FA0FF82-B8A1-49C1-A5F0-BC455BF7ACAB}.Release|Any CPU.ActiveCfg = Release|Any CPU
		{3FA0FF82-B8A1-49C1-A5F0-BC455BF7ACAB}.Release|Any CPU.Build.0 = Release|Any CPU
	EndGlobalSection
	GlobalSection(SolutionProperties) = preSolution
		HideSolutionNode = FALSE
	EndGlobalSection
	GlobalSection(ExtensibilityGlobals) = postSolution
		SolutionGuid = {C7310803-4E20-482C-AF1C-3D6F9E3F8ECB}
	EndGlobalSection
EndGlobal
